
Microsoft Visual Studio Solution File, Format Version 12.00
# Visual Studio Version 17
VisualStudioVersion = 17.10.35122.118
MinimumVisualStudioVersion = 10.0.40219.1
Project("{9A19103F-16F7-4668-BE54-9A1E7A4F7556}") = "DemoMicroservice.API", "DemoMicroservice.API\DemoMicroservice.API.csproj", "{C50058D6-D20F-4556-9BBF-54A16BA4F330}"
EndProject
Project("{9A19103F-16F7-4668-BE54-9A1E7A4F7556}") = "NETBuildMicroservice.API", "NETBuildMicroservice.API\NETBuildMicroservice.API.csproj", "{2F6D28AF-ECD1-4261-AF1E-3B8208878A89}"
EndProject
Project("{E53339B2-1760-4266-BCC7-CA923CBCF16C}") = "docker-compose", "docker-compose.dcproj", "{8A7C14FB-9D11-48E6-B124-26FB7739C0E3}"
EndProject
Global
	GlobalSection(SolutionConfigurationPlatforms) = preSolution
		Debug|Any CPU = Debug|Any CPU
		Release|Any CPU = Release|Any CPU
	EndGlobalSection
	GlobalSection(ProjectConfigurationPlatforms) = postSolution
		{C50058D6-D20F-4556-9BBF-54A16BA4F330}.Debug|Any CPU.ActiveCfg = Debug|Any CPU
		{C50058D6-D20F-4556-9BBF-54A16BA4F330}.Debug|Any CPU.Build.0 = Debug|Any CPU
		{C50058D6-D20F-4556-9BBF-54A16BA4F330}.Release|Any CPU.ActiveCfg = Release|Any CPU
		{C50058D6-D20F-4556-9BBF-54A16BA4F330}.Release|Any CPU.Build.0 = Release|Any CPU
		{2F6D28AF-ECD1-4261-AF1E-3B8208878A89}.Debug|Any CPU.ActiveCfg = Debug|Any CPU
		{2F6D28AF-ECD1-4261-AF1E-3B8208878A89}.Debug|Any CPU.Build.0 = Debug|Any CPU
		{2F6D28AF-ECD1-4261-AF1E-3B8208878A89}.Release|Any CPU.ActiveCfg = Release|Any CPU
		{2F6D28AF-ECD1-4261-AF1E-3B8208878A89}.Release|Any CPU.Build.0 = Release|Any CPU
		{8A7C14FB-9D11-48E6-B124-26FB7739C0E3}.Debug|Any CPU.ActiveCfg = Debug|Any CPU
		{8A7C14FB-9D11-48E6-B124-26FB7739C0E3}.Debug|Any CPU.Build.0 = Debug|Any CPU
		{8A7C14FB-9D11-48E6-B124-26FB7739C0E3}.Release|Any CPU.ActiveCfg = Release|Any CPU
		{8A7C14FB-9D11-48E6-B124-26FB7739C0E3}.Release|Any CPU.Build.0 = Release|Any CPU
	EndGlobalSection
	GlobalSection(SolutionProperties) = preSolution
		HideSolutionNode = FALSE
	EndGlobalSection
	GlobalSection(ExtensibilityGlobals) = postSolution
		SolutionGuid = {05EA064A-7CF2-4711-A94E-3467E51525D0}
	EndGlobalSection
EndGlobal
